
Microsoft Visual Studio Solution File, Format Version 12.00
# Visual Studio Version 17
VisualStudioVersion = 17.4.33213.308
MinimumVisualStudioVersion = 10.0.40219.1
Project("{FAE04EC0-301F-11D3-BF4B-00C04F79EFBC}") = "AkademiConsoleApp", "AkademiConsoleApp\AkademiConsoleApp.csproj", "{72608DEE-8914-4984-BB9A-A380FD3E70DE}"
EndProject
Global
	GlobalSection(SolutionConfigurationPlatforms) = preSolution
		Debug|Any CPU = Debug|Any CPU
		Release|Any CPU = Release|Any CPU
	EndGlobalSection
	GlobalSection(ProjectConfigurationPlatforms) = postSolution
		{72608DEE-8914-4984-BB9A-A380FD3E70DE}.Debug|Any CPU.ActiveCfg = Debug|Any CPU
		{72608DEE-8914-4984-BB9A-A380FD3E70DE}.Debug|Any CPU.Build.0 = Debug|Any CPU
		{72608DEE-8914-4984-BB9A-A380FD3E70DE}.Release|Any CPU.ActiveCfg = Release|Any CPU
		{72608DEE-8914-4984-BB9A-A380FD3E70DE}.Release|Any CPU.Build.0 = Release|Any CPU
	EndGlobalSection
	GlobalSection(SolutionProperties) = preSolution
		HideSolutionNode = FALSE
	EndGlobalSection
	GlobalSection(ExtensibilityGlobals) = postSolution
		SolutionGuid = {51C029D3-9AE1-4323-8792-4B353B5B1469}
	EndGlobalSection
EndGlobal
